// !$*UTF8*$!
{
	archiveVersion = 1;
	classes = {
	};
	objectVersion = 56;
	objects = {

/* Begin PBXBuildFile section */
		197AF950FB17545A07197A4E /* Pods_simpleRulette_simpleRuletteUITests.framework in Frameworks */ = {isa = PBXBuildFile; fileRef = 4130E611CA83B154A546A8AC /* Pods_simpleRulette_simpleRuletteUITests.framework */; };
		3B5044BB29C37FD0004B4425 /* TemplateViewController.swift in Sources */ = {isa = PBXBuildFile; fileRef = 3B5044BA29C37FD0004B4425 /* TemplateViewController.swift */; };
		3B5044BD29C38034004B4425 /* NewRuletteViewController.swift in Sources */ = {isa = PBXBuildFile; fileRef = 3B5044BC29C38034004B4425 /* NewRuletteViewController.swift */; };
		3B5044C129C3F171004B4425 /* RuletteTableViewCell.swift in Sources */ = {isa = PBXBuildFile; fileRef = 3B5044C029C3F171004B4425 /* RuletteTableViewCell.swift */; };
		3B5044C429C3F6E8004B4425 /* Rulette.swift in Sources */ = {isa = PBXBuildFile; fileRef = 3B5044C329C3F6E8004B4425 /* Rulette.swift */; };
		3B5044C729C4E305004B4425 /* UIColorExtension.swift in Sources */ = {isa = PBXBuildFile; fileRef = 3B5044C629C4E305004B4425 /* UIColorExtension.swift */; };
		3B5044CF29C83DA2004B4425 /* messageAlert.swift in Sources */ = {isa = PBXBuildFile; fileRef = 3B5044CE29C83DA1004B4425 /* messageAlert.swift */; };
		3B5044D229C8989E004B4425 /* RuletteModel.swift in Sources */ = {isa = PBXBuildFile; fileRef = 3B5044D129C8989E004B4425 /* RuletteModel.swift */; };
		3B5044D529C899B8004B4425 /* RuletteViewModel.swift in Sources */ = {isa = PBXBuildFile; fileRef = 3B5044D429C899B8004B4425 /* RuletteViewModel.swift */; };
		3B5044D729C9E2A3004B4425 /* TemplateRuletteTableViewCell.swift in Sources */ = {isa = PBXBuildFile; fileRef = 3B5044D629C9E2A3004B4425 /* TemplateRuletteTableViewCell.swift */; };
		3B9410C029CB3FAB006753E0 /* Sound.swift in Sources */ = {isa = PBXBuildFile; fileRef = 3B9410BF29CB3FAB006753E0 /* Sound.swift */; };
		3B9410C329CB451E006753E0 /* drum.wav in Resources */ = {isa = PBXBuildFile; fileRef = 3B9410C229CB451E006753E0 /* drum.wav */; };
		3B9410C529CB4528006753E0 /* roll.wav in Resources */ = {isa = PBXBuildFile; fileRef = 3B9410C429CB4528006753E0 /* roll.wav */; };
		3BC38F7329C153CC00158D35 /* AppDelegate.swift in Sources */ = {isa = PBXBuildFile; fileRef = 3BC38F7229C153CC00158D35 /* AppDelegate.swift */; };
		3BC38F7529C153CC00158D35 /* SceneDelegate.swift in Sources */ = {isa = PBXBuildFile; fileRef = 3BC38F7429C153CC00158D35 /* SceneDelegate.swift */; };
		3BC38F7729C153CC00158D35 /* RuletteViewController.swift in Sources */ = {isa = PBXBuildFile; fileRef = 3BC38F7629C153CC00158D35 /* RuletteViewController.swift */; };
		3BC38F7A29C153CC00158D35 /* Main.storyboard in Resources */ = {isa = PBXBuildFile; fileRef = 3BC38F7829C153CC00158D35 /* Main.storyboard */; };
		3BC38F7C29C153CF00158D35 /* Assets.xcassets in Resources */ = {isa = PBXBuildFile; fileRef = 3BC38F7B29C153CF00158D35 /* Assets.xcassets */; };
		3BC38F7F29C153CF00158D35 /* LaunchScreen.storyboard in Resources */ = {isa = PBXBuildFile; fileRef = 3BC38F7D29C153CF00158D35 /* LaunchScreen.storyboard */; };
		3BC38F8A29C153CF00158D35 /* simpleRuletteTests.swift in Sources */ = {isa = PBXBuildFile; fileRef = 3BC38F8929C153CF00158D35 /* simpleRuletteTests.swift */; };
		3BC38F9429C153CF00158D35 /* simpleRuletteUITests.swift in Sources */ = {isa = PBXBuildFile; fileRef = 3BC38F9329C153CF00158D35 /* simpleRuletteUITests.swift */; };
		3BC38F9629C153CF00158D35 /* simpleRuletteUITestsLaunchTests.swift in Sources */ = {isa = PBXBuildFile; fileRef = 3BC38F9529C153CF00158D35 /* simpleRuletteUITestsLaunchTests.swift */; };
		CC0AD746D48ACACBC3ED9ED9 /* Pods_simpleRulette.framework in Frameworks */ = {isa = PBXBuildFile; fileRef = 189F7A32B90D1A6D8B3A6B2E /* Pods_simpleRulette.framework */; };
		EB52D4518462CD593953847F /* Pods_simpleRuletteTests.framework in Frameworks */ = {isa = PBXBuildFile; fileRef = FD467EDA44FDD28A40EDE0BC /* Pods_simpleRuletteTests.framework */; };
/* End PBXBuildFile section */

/* Begin PBXContainerItemProxy section */
		3BC38F8629C153CF00158D35 /* PBXContainerItemProxy */ = {
			isa = PBXContainerItemProxy;
			containerPortal = 3BC38F6729C153CC00158D35 /* Project object */;
			proxyType = 1;
			remoteGlobalIDString = 3BC38F6E29C153CC00158D35;
			remoteInfo = simpleRulette;
		};
		3BC38F9029C153CF00158D35 /* PBXContainerItemProxy */ = {
			isa = PBXContainerItemProxy;
			containerPortal = 3BC38F6729C153CC00158D35 /* Project object */;
			proxyType = 1;
			remoteGlobalIDString = 3BC38F6E29C153CC00158D35;
			remoteInfo = simpleRulette;
		};
/* End PBXContainerItemProxy section */

/* Begin PBXFileReference section */
		189F7A32B90D1A6D8B3A6B2E /* Pods_simpleRulette.framework */ = {isa = PBXFileReference; explicitFileType = wrapper.framework; includeInIndex = 0; path = Pods_simpleRulette.framework; sourceTree = BUILT_PRODUCTS_DIR; };
		3B5044BA29C37FD0004B4425 /* TemplateViewController.swift */ = {isa = PBXFileReference; lastKnownFileType = sourcecode.swift; path = TemplateViewController.swift; sourceTree = "<group>"; };
		3B5044BC29C38034004B4425 /* NewRuletteViewController.swift */ = {isa = PBXFileReference; lastKnownFileType = sourcecode.swift; path = NewRuletteViewController.swift; sourceTree = "<group>"; };
		3B5044C029C3F171004B4425 /* RuletteTableViewCell.swift */ = {isa = PBXFileReference; lastKnownFileType = sourcecode.swift; path = RuletteTableViewCell.swift; sourceTree = "<group>"; };
		3B5044C329C3F6E8004B4425 /* Rulette.swift */ = {isa = PBXFileReference; lastKnownFileType = sourcecode.swift; path = Rulette.swift; sourceTree = "<group>"; };
		3B5044C629C4E305004B4425 /* UIColorExtension.swift */ = {isa = PBXFileReference; lastKnownFileType = sourcecode.swift; path = UIColorExtension.swift; sourceTree = "<group>"; };
		3B5044CE29C83DA1004B4425 /* messageAlert.swift */ = {isa = PBXFileReference; fileEncoding = 4; lastKnownFileType = sourcecode.swift; path = messageAlert.swift; sourceTree = "<group>"; };
		3B5044D129C8989E004B4425 /* RuletteModel.swift */ = {isa = PBXFileReference; lastKnownFileType = sourcecode.swift; path = RuletteModel.swift; sourceTree = "<group>"; };
		3B5044D429C899B8004B4425 /* RuletteViewModel.swift */ = {isa = PBXFileReference; lastKnownFileType = sourcecode.swift; path = RuletteViewModel.swift; sourceTree = "<group>"; };
		3B5044D629C9E2A3004B4425 /* TemplateRuletteTableViewCell.swift */ = {isa = PBXFileReference; lastKnownFileType = sourcecode.swift; path = TemplateRuletteTableViewCell.swift; sourceTree = "<group>"; };
		3B9410BF29CB3FAB006753E0 /* Sound.swift */ = {isa = PBXFileReference; lastKnownFileType = sourcecode.swift; path = Sound.swift; sourceTree = "<group>"; };
		3B9410C229CB451E006753E0 /* drum.wav */ = {isa = PBXFileReference; lastKnownFileType = audio.wav; path = drum.wav; sourceTree = "<group>"; };
		3B9410C429CB4528006753E0 /* roll.wav */ = {isa = PBXFileReference; lastKnownFileType = audio.wav; path = roll.wav; sourceTree = "<group>"; };
		3BC38F6F29C153CC00158D35 /* simpleRulette.app */ = {isa = PBXFileReference; explicitFileType = wrapper.application; includeInIndex = 0; path = simpleRulette.app; sourceTree = BUILT_PRODUCTS_DIR; };
		3BC38F7229C153CC00158D35 /* AppDelegate.swift */ = {isa = PBXFileReference; lastKnownFileType = sourcecode.swift; path = AppDelegate.swift; sourceTree = "<group>"; };
		3BC38F7429C153CC00158D35 /* SceneDelegate.swift */ = {isa = PBXFileReference; lastKnownFileType = sourcecode.swift; path = SceneDelegate.swift; sourceTree = "<group>"; };
		3BC38F7629C153CC00158D35 /* RuletteViewController.swift */ = {isa = PBXFileReference; lastKnownFileType = sourcecode.swift; path = RuletteViewController.swift; sourceTree = "<group>"; };
		3BC38F7929C153CC00158D35 /* Base */ = {isa = PBXFileReference; lastKnownFileType = file.storyboard; name = Base; path = Base.lproj/Main.storyboard; sourceTree = "<group>"; };
		3BC38F7B29C153CF00158D35 /* Assets.xcassets */ = {isa = PBXFileReference; lastKnownFileType = folder.assetcatalog; path = Assets.xcassets; sourceTree = "<group>"; };
		3BC38F7E29C153CF00158D35 /* Base */ = {isa = PBXFileReference; lastKnownFileType = file.storyboard; name = Base; path = Base.lproj/LaunchScreen.storyboard; sourceTree = "<group>"; };
		3BC38F8029C153CF00158D35 /* Info.plist */ = {isa = PBXFileReference; lastKnownFileType = text.plist.xml; path = Info.plist; sourceTree = "<group>"; };
		3BC38F8529C153CF00158D35 /* simpleRuletteTests.xctest */ = {isa = PBXFileReference; explicitFileType = wrapper.cfbundle; includeInIndex = 0; path = simpleRuletteTests.xctest; sourceTree = BUILT_PRODUCTS_DIR; };
		3BC38F8929C153CF00158D35 /* simpleRuletteTests.swift */ = {isa = PBXFileReference; lastKnownFileType = sourcecode.swift; path = simpleRuletteTests.swift; sourceTree = "<group>"; };
		3BC38F8F29C153CF00158D35 /* simpleRuletteUITests.xctest */ = {isa = PBXFileReference; explicitFileType = wrapper.cfbundle; includeInIndex = 0; path = simpleRuletteUITests.xctest; sourceTree = BUILT_PRODUCTS_DIR; };
		3BC38F9329C153CF00158D35 /* simpleRuletteUITests.swift */ = {isa = PBXFileReference; lastKnownFileType = sourcecode.swift; path = simpleRuletteUITests.swift; sourceTree = "<group>"; };
		3BC38F9529C153CF00158D35 /* simpleRuletteUITestsLaunchTests.swift */ = {isa = PBXFileReference; lastKnownFileType = sourcecode.swift; path = simpleRuletteUITestsLaunchTests.swift; sourceTree = "<group>"; };
		4130E611CA83B154A546A8AC /* Pods_simpleRulette_simpleRuletteUITests.framework */ = {isa = PBXFileReference; explicitFileType = wrapper.framework; includeInIndex = 0; path = Pods_simpleRulette_simpleRuletteUITests.framework; sourceTree = BUILT_PRODUCTS_DIR; };
		8BF4D4F9F15DD8ACB991913A /* Pods-simpleRuletteTests.release.xcconfig */ = {isa = PBXFileReference; includeInIndex = 1; lastKnownFileType = text.xcconfig; name = "Pods-simpleRuletteTests.release.xcconfig"; path = "Target Support Files/Pods-simpleRuletteTests/Pods-simpleRuletteTests.release.xcconfig"; sourceTree = "<group>"; };
		8C7D3AEBC76B6DAE1331963F /* Pods-simpleRuletteTests.debug.xcconfig */ = {isa = PBXFileReference; includeInIndex = 1; lastKnownFileType = text.xcconfig; name = "Pods-simpleRuletteTests.debug.xcconfig"; path = "Target Support Files/Pods-simpleRuletteTests/Pods-simpleRuletteTests.debug.xcconfig"; sourceTree = "<group>"; };
		A4374A1946A08C067B7D5BCC /* Pods-simpleRulette.release.xcconfig */ = {isa = PBXFileReference; includeInIndex = 1; lastKnownFileType = text.xcconfig; name = "Pods-simpleRulette.release.xcconfig"; path = "Target Support Files/Pods-simpleRulette/Pods-simpleRulette.release.xcconfig"; sourceTree = "<group>"; };
		C549928CE86F442B8BA95A06 /* Pods-simpleRulette-simpleRuletteUITests.release.xcconfig */ = {isa = PBXFileReference; includeInIndex = 1; lastKnownFileType = text.xcconfig; name = "Pods-simpleRulette-simpleRuletteUITests.release.xcconfig"; path = "Target Support Files/Pods-simpleRulette-simpleRuletteUITests/Pods-simpleRulette-simpleRuletteUITests.release.xcconfig"; sourceTree = "<group>"; };
		C9D15A71997D7FD5C4C56E01 /* Pods-simpleRulette.debug.xcconfig */ = {isa = PBXFileReference; includeInIndex = 1; lastKnownFileType = text.xcconfig; name = "Pods-simpleRulette.debug.xcconfig"; path = "Target Support Files/Pods-simpleRulette/Pods-simpleRulette.debug.xcconfig"; sourceTree = "<group>"; };
		E22C3D08B516374EFF94050E /* Pods-simpleRulette-simpleRuletteUITests.debug.xcconfig */ = {isa = PBXFileReference; includeInIndex = 1; lastKnownFileType = text.xcconfig; name = "Pods-simpleRulette-simpleRuletteUITests.debug.xcconfig"; path = "Target Support Files/Pods-simpleRulette-simpleRuletteUITests/Pods-simpleRulette-simpleRuletteUITests.debug.xcconfig"; sourceTree = "<group>"; };
		FD467EDA44FDD28A40EDE0BC /* Pods_simpleRuletteTests.framework */ = {isa = PBXFileReference; explicitFileType = wrapper.framework; includeInIndex = 0; path = Pods_simpleRuletteTests.framework; sourceTree = BUILT_PRODUCTS_DIR; };
/* End PBXFileReference section */

/* Begin PBXFrameworksBuildPhase section */
		3BC38F6C29C153CC00158D35 /* Frameworks */ = {
			isa = PBXFrameworksBuildPhase;
			buildActionMask = 2147483647;
			files = (
				CC0AD746D48ACACBC3ED9ED9 /* Pods_simpleRulette.framework in Frameworks */,
			);
			runOnlyForDeploymentPostprocessing = 0;
		};
		3BC38F8229C153CF00158D35 /* Frameworks */ = {
			isa = PBXFrameworksBuildPhase;
			buildActionMask = 2147483647;
			files = (
				EB52D4518462CD593953847F /* Pods_simpleRuletteTests.framework in Frameworks */,
			);
			runOnlyForDeploymentPostprocessing = 0;
		};
		3BC38F8C29C153CF00158D35 /* Frameworks */ = {
			isa = PBXFrameworksBuildPhase;
			buildActionMask = 2147483647;
			files = (
				197AF950FB17545A07197A4E /* Pods_simpleRulette_simpleRuletteUITests.framework in Frameworks */,
			);
			runOnlyForDeploymentPostprocessing = 0;
		};
/* End PBXFrameworksBuildPhase section */

/* Begin PBXGroup section */
		21B5936D10338C9B8F1630FD /* Frameworks */ = {
			isa = PBXGroup;
			children = (
				189F7A32B90D1A6D8B3A6B2E /* Pods_simpleRulette.framework */,
				4130E611CA83B154A546A8AC /* Pods_simpleRulette_simpleRuletteUITests.framework */,
				FD467EDA44FDD28A40EDE0BC /* Pods_simpleRuletteTests.framework */,
			);
			name = Frameworks;
			sourceTree = "<group>";
		};
		3B5044B929C37F9B004B4425 /* View */ = {
			isa = PBXGroup;
			children = (
				3B5044BF29C3F148004B4425 /* TableView */,
				3B5044BE29C3F132004B4425 /* ViewController */,
			);
			path = View;
			sourceTree = "<group>";
		};
		3B5044BE29C3F132004B4425 /* ViewController */ = {
			isa = PBXGroup;
			children = (
				3BC38F7629C153CC00158D35 /* RuletteViewController.swift */,
				3B5044BA29C37FD0004B4425 /* TemplateViewController.swift */,
				3B5044BC29C38034004B4425 /* NewRuletteViewController.swift */,
			);
			path = ViewController;
			sourceTree = "<group>";
		};
		3B5044BF29C3F148004B4425 /* TableView */ = {
			isa = PBXGroup;
			children = (
				3B5044C029C3F171004B4425 /* RuletteTableViewCell.swift */,
				3B5044D629C9E2A3004B4425 /* TemplateRuletteTableViewCell.swift */,
			);
			path = TableView;
			sourceTree = "<group>";
		};
		3B5044C229C3F6CF004B4425 /* Model */ = {
			isa = PBXGroup;
			children = (
				3B5044D129C8989E004B4425 /* RuletteModel.swift */,
			);
			path = Model;
			sourceTree = "<group>";
		};
		3B5044C529C4E2D2004B4425 /* Util */ = {
			isa = PBXGroup;
			children = (
				3B5044C929C832A2004B4425 /* Alert */,
				3B5044C829C8328C004B4425 /* Extension */,
				3B9410BF29CB3FAB006753E0 /* Sound.swift */,
			);
			path = Util;
			sourceTree = "<group>";
		};
		3B5044C829C8328C004B4425 /* Extension */ = {
			isa = PBXGroup;
			children = (
				3B5044C629C4E305004B4425 /* UIColorExtension.swift */,
			);
			path = Extension;
			sourceTree = "<group>";
		};
		3B5044C929C832A2004B4425 /* Alert */ = {
			isa = PBXGroup;
			children = (
				3B5044CE29C83DA1004B4425 /* messageAlert.swift */,
			);
			path = Alert;
			sourceTree = "<group>";
		};
		3B5044D029C89879004B4425 /* Common */ = {
			isa = PBXGroup;
			children = (
				3B5044C329C3F6E8004B4425 /* Rulette.swift */,
			);
			path = Common;
			sourceTree = "<group>";
		};
		3B5044D329C8999A004B4425 /* ViewModel */ = {
			isa = PBXGroup;
			children = (
				3B5044D429C899B8004B4425 /* RuletteViewModel.swift */,
			);
			path = ViewModel;
			sourceTree = "<group>";
		};
		3B9410C129CB450C006753E0 /* Sound */ = {
			isa = PBXGroup;
			children = (
				3B9410C429CB4528006753E0 /* roll.wav */,
				3B9410C229CB451E006753E0 /* drum.wav */,
			);
			path = Sound;
			sourceTree = "<group>";
		};
		3BC38F6629C153CC00158D35 = {
			isa = PBXGroup;
			children = (
				3BC38F7129C153CC00158D35 /* simpleRulette */,
				3BC38F8829C153CF00158D35 /* simpleRuletteTests */,
				3BC38F9229C153CF00158D35 /* simpleRuletteUITests */,
				3BC38F7029C153CC00158D35 /* Products */,
				C0BBC34A030D9E1766BBD557 /* Pods */,
				21B5936D10338C9B8F1630FD /* Frameworks */,
			);
			sourceTree = "<group>";
		};
		3BC38F7029C153CC00158D35 /* Products */ = {
			isa = PBXGroup;
			children = (
				3BC38F6F29C153CC00158D35 /* simpleRulette.app */,
				3BC38F8529C153CF00158D35 /* simpleRuletteTests.xctest */,
				3BC38F8F29C153CF00158D35 /* simpleRuletteUITests.xctest */,
			);
			name = Products;
			sourceTree = "<group>";
		};
		3BC38F7129C153CC00158D35 /* simpleRulette */ = {
			isa = PBXGroup;
			children = (
				3B9410C129CB450C006753E0 /* Sound */,
				3B5044D329C8999A004B4425 /* ViewModel */,
				3B5044D029C89879004B4425 /* Common */,
				3B5044C529C4E2D2004B4425 /* Util */,
				3B5044C229C3F6CF004B4425 /* Model */,
				3B5044B929C37F9B004B4425 /* View */,
				3BC38F7229C153CC00158D35 /* AppDelegate.swift */,
				3BC38F7429C153CC00158D35 /* SceneDelegate.swift */,
				3BC38F7829C153CC00158D35 /* Main.storyboard */,
				3BC38F7B29C153CF00158D35 /* Assets.xcassets */,
				3BC38F7D29C153CF00158D35 /* LaunchScreen.storyboard */,
				3BC38F8029C153CF00158D35 /* Info.plist */,
			);
			path = simpleRulette;
			sourceTree = "<group>";
		};
		3BC38F8829C153CF00158D35 /* simpleRuletteTests */ = {
			isa = PBXGroup;
			children = (
				3BC38F8929C153CF00158D35 /* simpleRuletteTests.swift */,
			);
			path = simpleRuletteTests;
			sourceTree = "<group>";
		};
		3BC38F9229C153CF00158D35 /* simpleRuletteUITests */ = {
			isa = PBXGroup;
			children = (
				3BC38F9329C153CF00158D35 /* simpleRuletteUITests.swift */,
				3BC38F9529C153CF00158D35 /* simpleRuletteUITestsLaunchTests.swift */,
			);
			path = simpleRuletteUITests;
			sourceTree = "<group>";
		};
		C0BBC34A030D9E1766BBD557 /* Pods */ = {
			isa = PBXGroup;
			children = (
				C9D15A71997D7FD5C4C56E01 /* Pods-simpleRulette.debug.xcconfig */,
				A4374A1946A08C067B7D5BCC /* Pods-simpleRulette.release.xcconfig */,
				E22C3D08B516374EFF94050E /* Pods-simpleRulette-simpleRuletteUITests.debug.xcconfig */,
				C549928CE86F442B8BA95A06 /* Pods-simpleRulette-simpleRuletteUITests.release.xcconfig */,
				8C7D3AEBC76B6DAE1331963F /* Pods-simpleRuletteTests.debug.xcconfig */,
				8BF4D4F9F15DD8ACB991913A /* Pods-simpleRuletteTests.release.xcconfig */,
			);
			path = Pods;
			sourceTree = "<group>";
		};
/* End PBXGroup section */

/* Begin PBXNativeTarget section */
		3BC38F6E29C153CC00158D35 /* simpleRulette */ = {
			isa = PBXNativeTarget;
			buildConfigurationList = 3BC38F9929C153CF00158D35 /* Build configuration list for PBXNativeTarget "simpleRulette" */;
			buildPhases = (
				49C127144CA9C474B877F65C /* [CP] Check Pods Manifest.lock */,
				3BC38F6B29C153CC00158D35 /* Sources */,
				3BC38F6C29C153CC00158D35 /* Frameworks */,
				3BC38F6D29C153CC00158D35 /* Resources */,
				76E4882704D8399566C51AB7 /* [CP] Embed Pods Frameworks */,
			);
			buildRules = (
			);
			dependencies = (
			);
			name = simpleRulette;
			productName = simpleRulette;
			productReference = 3BC38F6F29C153CC00158D35 /* simpleRulette.app */;
			productType = "com.apple.product-type.application";
		};
		3BC38F8429C153CF00158D35 /* simpleRuletteTests */ = {
			isa = PBXNativeTarget;
			buildConfigurationList = 3BC38F9C29C153CF00158D35 /* Build configuration list for PBXNativeTarget "simpleRuletteTests" */;
			buildPhases = (
				A78FBD231E7445659EE72192 /* [CP] Check Pods Manifest.lock */,
				3BC38F8129C153CF00158D35 /* Sources */,
				3BC38F8229C153CF00158D35 /* Frameworks */,
				3BC38F8329C153CF00158D35 /* Resources */,
			);
			buildRules = (
			);
			dependencies = (
				3BC38F8729C153CF00158D35 /* PBXTargetDependency */,
			);
			name = simpleRuletteTests;
			productName = simpleRuletteTests;
			productReference = 3BC38F8529C153CF00158D35 /* simpleRuletteTests.xctest */;
			productType = "com.apple.product-type.bundle.unit-test";
		};
		3BC38F8E29C153CF00158D35 /* simpleRuletteUITests */ = {
			isa = PBXNativeTarget;
			buildConfigurationList = 3BC38F9F29C153CF00158D35 /* Build configuration list for PBXNativeTarget "simpleRuletteUITests" */;
			buildPhases = (
				6835F655E94D20B6D023B75B /* [CP] Check Pods Manifest.lock */,
				3BC38F8B29C153CF00158D35 /* Sources */,
				3BC38F8C29C153CF00158D35 /* Frameworks */,
				3BC38F8D29C153CF00158D35 /* Resources */,
				0444BBFBAA9F3DDCF54C706C /* [CP] Embed Pods Frameworks */,
			);
			buildRules = (
			);
			dependencies = (
				3BC38F9129C153CF00158D35 /* PBXTargetDependency */,
			);
			name = simpleRuletteUITests;
			productName = simpleRuletteUITests;
			productReference = 3BC38F8F29C153CF00158D35 /* simpleRuletteUITests.xctest */;
			productType = "com.apple.product-type.bundle.ui-testing";
		};
/* End PBXNativeTarget section */

/* Begin PBXProject section */
		3BC38F6729C153CC00158D35 /* Project object */ = {
			isa = PBXProject;
			attributes = {
				BuildIndependentTargetsInParallel = 1;
				LastSwiftUpdateCheck = 1420;
				LastUpgradeCheck = 1420;
				TargetAttributes = {
					3BC38F6E29C153CC00158D35 = {
						CreatedOnToolsVersion = 14.2;
					};
					3BC38F8429C153CF00158D35 = {
						CreatedOnToolsVersion = 14.2;
						TestTargetID = 3BC38F6E29C153CC00158D35;
					};
					3BC38F8E29C153CF00158D35 = {
						CreatedOnToolsVersion = 14.2;
						TestTargetID = 3BC38F6E29C153CC00158D35;
					};
				};
			};
			buildConfigurationList = 3BC38F6A29C153CC00158D35 /* Build configuration list for PBXProject "simpleRulette" */;
			compatibilityVersion = "Xcode 14.0";
			developmentRegion = en;
			hasScannedForEncodings = 0;
			knownRegions = (
				en,
				Base,
			);
			mainGroup = 3BC38F6629C153CC00158D35;
			productRefGroup = 3BC38F7029C153CC00158D35 /* Products */;
			projectDirPath = "";
			projectRoot = "";
			targets = (
				3BC38F6E29C153CC00158D35 /* simpleRulette */,
				3BC38F8429C153CF00158D35 /* simpleRuletteTests */,
				3BC38F8E29C153CF00158D35 /* simpleRuletteUITests */,
			);
		};
/* End PBXProject section */

/* Begin PBXResourcesBuildPhase section */
		3BC38F6D29C153CC00158D35 /* Resources */ = {
			isa = PBXResourcesBuildPhase;
			buildActionMask = 2147483647;
			files = (
				3B9410C529CB4528006753E0 /* roll.wav in Resources */,
				3B9410C329CB451E006753E0 /* drum.wav in Resources */,
				3BC38F7F29C153CF00158D35 /* LaunchScreen.storyboard in Resources */,
				3BC38F7C29C153CF00158D35 /* Assets.xcassets in Resources */,
				3BC38F7A29C153CC00158D35 /* Main.storyboard in Resources */,
			);
			runOnlyForDeploymentPostprocessing = 0;
		};
		3BC38F8329C153CF00158D35 /* Resources */ = {
			isa = PBXResourcesBuildPhase;
			buildActionMask = 2147483647;
			files = (
			);
			runOnlyForDeploymentPostprocessing = 0;
		};
		3BC38F8D29C153CF00158D35 /* Resources */ = {
			isa = PBXResourcesBuildPhase;
			buildActionMask = 2147483647;
			files = (
			);
			runOnlyForDeploymentPostprocessing = 0;
		};
/* End PBXResourcesBuildPhase section */

/* Begin PBXShellScriptBuildPhase section */
		0444BBFBAA9F3DDCF54C706C /* [CP] Embed Pods Frameworks */ = {
			isa = PBXShellScriptBuildPhase;
			buildActionMask = 2147483647;
			files = (
			);
			inputFileListPaths = (
				"${PODS_ROOT}/Target Support Files/Pods-simpleRulette-simpleRuletteUITests/Pods-simpleRulette-simpleRuletteUITests-frameworks-${CONFIGURATION}-input-files.xcfilelist",
			);
			name = "[CP] Embed Pods Frameworks";
			outputFileListPaths = (
				"${PODS_ROOT}/Target Support Files/Pods-simpleRulette-simpleRuletteUITests/Pods-simpleRulette-simpleRuletteUITests-frameworks-${CONFIGURATION}-output-files.xcfilelist",
			);
			runOnlyForDeploymentPostprocessing = 0;
			shellPath = /bin/sh;
			shellScript = "\"${PODS_ROOT}/Target Support Files/Pods-simpleRulette-simpleRuletteUITests/Pods-simpleRulette-simpleRuletteUITests-frameworks.sh\"\n";
			showEnvVarsInLog = 0;
		};
		49C127144CA9C474B877F65C /* [CP] Check Pods Manifest.lock */ = {
			isa = PBXShellScriptBuildPhase;
			buildActionMask = 2147483647;
			files = (
			);
			inputFileListPaths = (
			);
			inputPaths = (
				"${PODS_PODFILE_DIR_PATH}/Podfile.lock",
				"${PODS_ROOT}/Manifest.lock",
			);
			name = "[CP] Check Pods Manifest.lock";
			outputFileListPaths = (
			);
			outputPaths = (
				"$(DERIVED_FILE_DIR)/Pods-simpleRulette-checkManifestLockResult.txt",
			);
			runOnlyForDeploymentPostprocessing = 0;
			shellPath = /bin/sh;
			shellScript = "diff \"${PODS_PODFILE_DIR_PATH}/Podfile.lock\" \"${PODS_ROOT}/Manifest.lock\" > /dev/null\nif [ $? != 0 ] ; then\n    # print error to STDERR\n    echo \"error: The sandbox is not in sync with the Podfile.lock. Run 'pod install' or update your CocoaPods installation.\" >&2\n    exit 1\nfi\n# This output is used by Xcode 'outputs' to avoid re-running this script phase.\necho \"SUCCESS\" > \"${SCRIPT_OUTPUT_FILE_0}\"\n";
			showEnvVarsInLog = 0;
		};
		6835F655E94D20B6D023B75B /* [CP] Check Pods Manifest.lock */ = {
			isa = PBXShellScriptBuildPhase;
			buildActionMask = 2147483647;
			files = (
			);
			inputFileListPaths = (
			);
			inputPaths = (
				"${PODS_PODFILE_DIR_PATH}/Podfile.lock",
				"${PODS_ROOT}/Manifest.lock",
			);
			name = "[CP] Check Pods Manifest.lock";
			outputFileListPaths = (
			);
			outputPaths = (
				"$(DERIVED_FILE_DIR)/Pods-simpleRulette-simpleRuletteUITests-checkManifestLockResult.txt",
			);
			runOnlyForDeploymentPostprocessing = 0;
			shellPath = /bin/sh;
			shellScript = "diff \"${PODS_PODFILE_DIR_PATH}/Podfile.lock\" \"${PODS_ROOT}/Manifest.lock\" > /dev/null\nif [ $? != 0 ] ; then\n    # print error to STDERR\n    echo \"error: The sandbox is not in sync with the Podfile.lock. Run 'pod install' or update your CocoaPods installation.\" >&2\n    exit 1\nfi\n# This output is used by Xcode 'outputs' to avoid re-running this script phase.\necho \"SUCCESS\" > \"${SCRIPT_OUTPUT_FILE_0}\"\n";
			showEnvVarsInLog = 0;
		};
		76E4882704D8399566C51AB7 /* [CP] Embed Pods Frameworks */ = {
			isa = PBXShellScriptBuildPhase;
			buildActionMask = 2147483647;
			files = (
			);
			inputFileListPaths = (
				"${PODS_ROOT}/Target Support Files/Pods-simpleRulette/Pods-simpleRulette-frameworks-${CONFIGURATION}-input-files.xcfilelist",
			);
			name = "[CP] Embed Pods Frameworks";
			outputFileListPaths = (
				"${PODS_ROOT}/Target Support Files/Pods-simpleRulette/Pods-simpleRulette-frameworks-${CONFIGURATION}-output-files.xcfilelist",
			);
			runOnlyForDeploymentPostprocessing = 0;
			shellPath = /bin/sh;
			shellScript = "\"${PODS_ROOT}/Target Support Files/Pods-simpleRulette/Pods-simpleRulette-frameworks.sh\"\n";
			showEnvVarsInLog = 0;
		};
		A78FBD231E7445659EE72192 /* [CP] Check Pods Manifest.lock */ = {
			isa = PBXShellScriptBuildPhase;
			buildActionMask = 2147483647;
			files = (
			);
			inputFileListPaths = (
			);
			inputPaths = (
				"${PODS_PODFILE_DIR_PATH}/Podfile.lock",
				"${PODS_ROOT}/Manifest.lock",
			);
			name = "[CP] Check Pods Manifest.lock";
			outputFileListPaths = (
			);
			outputPaths = (
				"$(DERIVED_FILE_DIR)/Pods-simpleRuletteTests-checkManifestLockResult.txt",
			);
			runOnlyForDeploymentPostprocessing = 0;
			shellPath = /bin/sh;
			shellScript = "diff \"${PODS_PODFILE_DIR_PATH}/Podfile.lock\" \"${PODS_ROOT}/Manifest.lock\" > /dev/null\nif [ $? != 0 ] ; then\n    # print error to STDERR\n    echo \"error: The sandbox is not in sync with the Podfile.lock. Run 'pod install' or update your CocoaPods installation.\" >&2\n    exit 1\nfi\n# This output is used by Xcode 'outputs' to avoid re-running this script phase.\necho \"SUCCESS\" > \"${SCRIPT_OUTPUT_FILE_0}\"\n";
			showEnvVarsInLog = 0;
		};
/* End PBXShellScriptBuildPhase section */

/* Begin PBXSourcesBuildPhase section */
		3BC38F6B29C153CC00158D35 /* Sources */ = {
			isa = PBXSourcesBuildPhase;
			buildActionMask = 2147483647;
			files = (
				3B9410C029CB3FAB006753E0 /* Sound.swift in Sources */,
				3BC38F7729C153CC00158D35 /* RuletteViewController.swift in Sources */,
				3B5044BD29C38034004B4425 /* NewRuletteViewController.swift in Sources */,
				3B5044C429C3F6E8004B4425 /* Rulette.swift in Sources */,
				3B5044D529C899B8004B4425 /* RuletteViewModel.swift in Sources */,
				3B5044C729C4E305004B4425 /* UIColorExtension.swift in Sources */,
				3BC38F7329C153CC00158D35 /* AppDelegate.swift in Sources */,
				3B5044D229C8989E004B4425 /* RuletteModel.swift in Sources */,
				3B5044C129C3F171004B4425 /* RuletteTableViewCell.swift in Sources */,
				3B5044CF29C83DA2004B4425 /* messageAlert.swift in Sources */,
				3B5044D729C9E2A3004B4425 /* TemplateRuletteTableViewCell.swift in Sources */,
				3B5044BB29C37FD0004B4425 /* TemplateViewController.swift in Sources */,
				3BC38F7529C153CC00158D35 /* SceneDelegate.swift in Sources */,
			);
			runOnlyForDeploymentPostprocessing = 0;
		};
		3BC38F8129C153CF00158D35 /* Sources */ = {
			isa = PBXSourcesBuildPhase;
			buildActionMask = 2147483647;
			files = (
				3BC38F8A29C153CF00158D35 /* simpleRuletteTests.swift in Sources */,
			);
			runOnlyForDeploymentPostprocessing = 0;
		};
		3BC38F8B29C153CF00158D35 /* Sources */ = {
			isa = PBXSourcesBuildPhase;
			buildActionMask = 2147483647;
			files = (
				3BC38F9629C153CF00158D35 /* simpleRuletteUITestsLaunchTests.swift in Sources */,
				3BC38F9429C153CF00158D35 /* simpleRuletteUITests.swift in Sources */,
			);
			runOnlyForDeploymentPostprocessing = 0;
		};
/* End PBXSourcesBuildPhase section */

/* Begin PBXTargetDependency section */
		3BC38F8729C153CF00158D35 /* PBXTargetDependency */ = {
			isa = PBXTargetDependency;
			target = 3BC38F6E29C153CC00158D35 /* simpleRulette */;
			targetProxy = 3BC38F8629C153CF00158D35 /* PBXContainerItemProxy */;
		};
		3BC38F9129C153CF00158D35 /* PBXTargetDependency */ = {
			isa = PBXTargetDependency;
			target = 3BC38F6E29C153CC00158D35 /* simpleRulette */;
			targetProxy = 3BC38F9029C153CF00158D35 /* PBXContainerItemProxy */;
		};
/* End PBXTargetDependency section */

/* Begin PBXVariantGroup section */
		3BC38F7829C153CC00158D35 /* Main.storyboard */ = {
			isa = PBXVariantGroup;
			children = (
				3BC38F7929C153CC00158D35 /* Base */,
			);
			name = Main.storyboard;
			sourceTree = "<group>";
		};
		3BC38F7D29C153CF00158D35 /* LaunchScreen.storyboard */ = {
			isa = PBXVariantGroup;
			children = (
				3BC38F7E29C153CF00158D35 /* Base */,
			);
			name = LaunchScreen.storyboard;
			sourceTree = "<group>";
		};
/* End PBXVariantGroup section */

/* Begin XCBuildConfiguration section */
		3BC38F9729C153CF00158D35 /* Debug */ = {
			isa = XCBuildConfiguration;
			buildSettings = {
				ALWAYS_SEARCH_USER_PATHS = NO;
				CLANG_ANALYZER_NONNULL = YES;
				CLANG_ANALYZER_NUMBER_OBJECT_CONVERSION = YES_AGGRESSIVE;
				CLANG_CXX_LANGUAGE_STANDARD = "gnu++20";
				CLANG_ENABLE_MODULES = YES;
				CLANG_ENABLE_OBJC_ARC = YES;
				CLANG_ENABLE_OBJC_WEAK = YES;
				CLANG_WARN_BLOCK_CAPTURE_AUTORELEASING = YES;
				CLANG_WARN_BOOL_CONVERSION = YES;
				CLANG_WARN_COMMA = YES;
				CLANG_WARN_CONSTANT_CONVERSION = YES;
				CLANG_WARN_DEPRECATED_OBJC_IMPLEMENTATIONS = YES;
				CLANG_WARN_DIRECT_OBJC_ISA_USAGE = YES_ERROR;
				CLANG_WARN_DOCUMENTATION_COMMENTS = YES;
				CLANG_WARN_EMPTY_BODY = YES;
				CLANG_WARN_ENUM_CONVERSION = YES;
				CLANG_WARN_INFINITE_RECURSION = YES;
				CLANG_WARN_INT_CONVERSION = YES;
				CLANG_WARN_NON_LITERAL_NULL_CONVERSION = YES;
				CLANG_WARN_OBJC_IMPLICIT_RETAIN_SELF = YES;
				CLANG_WARN_OBJC_LITERAL_CONVERSION = YES;
				CLANG_WARN_OBJC_ROOT_CLASS = YES_ERROR;
				CLANG_WARN_QUOTED_INCLUDE_IN_FRAMEWORK_HEADER = YES;
				CLANG_WARN_RANGE_LOOP_ANALYSIS = YES;
				CLANG_WARN_STRICT_PROTOTYPES = YES;
				CLANG_WARN_SUSPICIOUS_MOVE = YES;
				CLANG_WARN_UNGUARDED_AVAILABILITY = YES_AGGRESSIVE;
				CLANG_WARN_UNREACHABLE_CODE = YES;
				CLANG_WARN__DUPLICATE_METHOD_MATCH = YES;
				COPY_PHASE_STRIP = NO;
				DEBUG_INFORMATION_FORMAT = dwarf;
				ENABLE_STRICT_OBJC_MSGSEND = YES;
				ENABLE_TESTABILITY = YES;
				GCC_C_LANGUAGE_STANDARD = gnu11;
				GCC_DYNAMIC_NO_PIC = NO;
				GCC_NO_COMMON_BLOCKS = YES;
				GCC_OPTIMIZATION_LEVEL = 0;
				GCC_PREPROCESSOR_DEFINITIONS = (
					"DEBUG=1",
					"$(inherited)",
				);
				GCC_WARN_64_TO_32_BIT_CONVERSION = YES;
				GCC_WARN_ABOUT_RETURN_TYPE = YES_ERROR;
				GCC_WARN_UNDECLARED_SELECTOR = YES;
				GCC_WARN_UNINITIALIZED_AUTOS = YES_AGGRESSIVE;
				GCC_WARN_UNUSED_FUNCTION = YES;
				GCC_WARN_UNUSED_VARIABLE = YES;
				IPHONEOS_DEPLOYMENT_TARGET = 16.2;
				MTL_ENABLE_DEBUG_INFO = INCLUDE_SOURCE;
				MTL_FAST_MATH = YES;
				ONLY_ACTIVE_ARCH = YES;
				SDKROOT = iphoneos;
				SWIFT_ACTIVE_COMPILATION_CONDITIONS = DEBUG;
				SWIFT_OPTIMIZATION_LEVEL = "-Onone";
			};
			name = Debug;
		};
		3BC38F9829C153CF00158D35 /* Release */ = {
			isa = XCBuildConfiguration;
			buildSettings = {
				ALWAYS_SEARCH_USER_PATHS = NO;
				CLANG_ANALYZER_NONNULL = YES;
				CLANG_ANALYZER_NUMBER_OBJECT_CONVERSION = YES_AGGRESSIVE;
				CLANG_CXX_LANGUAGE_STANDARD = "gnu++20";
				CLANG_ENABLE_MODULES = YES;
				CLANG_ENABLE_OBJC_ARC = YES;
				CLANG_ENABLE_OBJC_WEAK = YES;
				CLANG_WARN_BLOCK_CAPTURE_AUTORELEASING = YES;
				CLANG_WARN_BOOL_CONVERSION = YES;
				CLANG_WARN_COMMA = YES;
				CLANG_WARN_CONSTANT_CONVERSION = YES;
				CLANG_WARN_DEPRECATED_OBJC_IMPLEMENTATIONS = YES;
				CLANG_WARN_DIRECT_OBJC_ISA_USAGE = YES_ERROR;
				CLANG_WARN_DOCUMENTATION_COMMENTS = YES;
				CLANG_WARN_EMPTY_BODY = YES;
				CLANG_WARN_ENUM_CONVERSION = YES;
				CLANG_WARN_INFINITE_RECURSION = YES;
				CLANG_WARN_INT_CONVERSION = YES;
				CLANG_WARN_NON_LITERAL_NULL_CONVERSION = YES;
				CLANG_WARN_OBJC_IMPLICIT_RETAIN_SELF = YES;
				CLANG_WARN_OBJC_LITERAL_CONVERSION = YES;
				CLANG_WARN_OBJC_ROOT_CLASS = YES_ERROR;
				CLANG_WARN_QUOTED_INCLUDE_IN_FRAMEWORK_HEADER = YES;
				CLANG_WARN_RANGE_LOOP_ANALYSIS = YES;
				CLANG_WARN_STRICT_PROTOTYPES = YES;
				CLANG_WARN_SUSPICIOUS_MOVE = YES;
				CLANG_WARN_UNGUARDED_AVAILABILITY = YES_AGGRESSIVE;
				CLANG_WARN_UNREACHABLE_CODE = YES;
				CLANG_WARN__DUPLICATE_METHOD_MATCH = YES;
				COPY_PHASE_STRIP = NO;
				DEBUG_INFORMATION_FORMAT = "dwarf-with-dsym";
				ENABLE_NS_ASSERTIONS = NO;
				ENABLE_STRICT_OBJC_MSGSEND = YES;
				GCC_C_LANGUAGE_STANDARD = gnu11;
				GCC_NO_COMMON_BLOCKS = YES;
				GCC_WARN_64_TO_32_BIT_CONVERSION = YES;
				GCC_WARN_ABOUT_RETURN_TYPE = YES_ERROR;
				GCC_WARN_UNDECLARED_SELECTOR = YES;
				GCC_WARN_UNINITIALIZED_AUTOS = YES_AGGRESSIVE;
				GCC_WARN_UNUSED_FUNCTION = YES;
				GCC_WARN_UNUSED_VARIABLE = YES;
				IPHONEOS_DEPLOYMENT_TARGET = 16.2;
				MTL_ENABLE_DEBUG_INFO = NO;
				MTL_FAST_MATH = YES;
				SDKROOT = iphoneos;
				SWIFT_COMPILATION_MODE = wholemodule;
				SWIFT_OPTIMIZATION_LEVEL = "-O";
				VALIDATE_PRODUCT = YES;
			};
			name = Release;
		};
		3BC38F9A29C153CF00158D35 /* Debug */ = {
			isa = XCBuildConfiguration;
			baseConfigurationReference = C9D15A71997D7FD5C4C56E01 /* Pods-simpleRulette.debug.xcconfig */;
			buildSettings = {
				ASSETCATALOG_COMPILER_APPICON_NAME = AppIcon;
				ASSETCATALOG_COMPILER_GLOBAL_ACCENT_COLOR_NAME = AccentColor;
				CODE_SIGN_STYLE = Automatic;
				CURRENT_PROJECT_VERSION = 1;
				DEVELOPMENT_TEAM = 596D95CQ24;
				GENERATE_INFOPLIST_FILE = YES;
				INFOPLIST_FILE = simpleRulette/Info.plist;
				INFOPLIST_KEY_UIApplicationSupportsIndirectInputEvents = YES;
				INFOPLIST_KEY_UILaunchStoryboardName = LaunchScreen;
				INFOPLIST_KEY_UIMainStoryboardFile = Main;
				INFOPLIST_KEY_UISupportedInterfaceOrientations_iPad = "UIInterfaceOrientationPortrait UIInterfaceOrientationPortraitUpsideDown UIInterfaceOrientationLandscapeLeft UIInterfaceOrientationLandscapeRight";
				INFOPLIST_KEY_UISupportedInterfaceOrientations_iPhone = "UIInterfaceOrientationPortrait UIInterfaceOrientationLandscapeLeft UIInterfaceOrientationLandscapeRight";
				LD_RUNPATH_SEARCH_PATHS = (
					"$(inherited)",
					"@executable_path/Frameworks",
				);
				MARKETING_VERSION = 1.0;
				PRODUCT_BUNDLE_IDENTIFIER = com.kazuki.simpleRulette;
				PRODUCT_NAME = "$(TARGET_NAME)";
				SWIFT_EMIT_LOC_STRINGS = YES;
				SWIFT_VERSION = 5.0;
				TARGETED_DEVICE_FAMILY = "1,2";
			};
			name = Debug;
		};
		3BC38F9B29C153CF00158D35 /* Release */ = {
			isa = XCBuildConfiguration;
			baseConfigurationReference = A4374A1946A08C067B7D5BCC /* Pods-simpleRulette.release.xcconfig */;
			buildSettings = {
				ASSETCATALOG_COMPILER_APPICON_NAME = AppIcon;
				ASSETCATALOG_COMPILER_GLOBAL_ACCENT_COLOR_NAME = AccentColor;
				CODE_SIGN_STYLE = Automatic;
				CURRENT_PROJECT_VERSION = 1;
				DEVELOPMENT_TEAM = 596D95CQ24;
				GENERATE_INFOPLIST_FILE = YES;
				INFOPLIST_FILE = simpleRulette/Info.plist;
				INFOPLIST_KEY_UIApplicationSupportsIndirectInputEvents = YES;
				INFOPLIST_KEY_UILaunchStoryboardName = LaunchScreen;
				INFOPLIST_KEY_UIMainStoryboardFile = Main;
				INFOPLIST_KEY_UISupportedInterfaceOrientations_iPad = "UIInterfaceOrientationPortrait UIInterfaceOrientationPortraitUpsideDown UIInterfaceOrientationLandscapeLeft UIInterfaceOrientationLandscapeRight";
				INFOPLIST_KEY_UISupportedInterfaceOrientations_iPhone = "UIInterfaceOrientationPortrait UIInterfaceOrientationLandscapeLeft UIInterfaceOrientationLandscapeRight";
				LD_RUNPATH_SEARCH_PATHS = (
					"$(inherited)",
					"@executable_path/Frameworks",
				);
				MARKETING_VERSION = 1.0;
				PRODUCT_BUNDLE_IDENTIFIER = com.kazuki.simpleRulette;
				PRODUCT_NAME = "$(TARGET_NAME)";
				SWIFT_EMIT_LOC_STRINGS = YES;
				SWIFT_VERSION = 5.0;
				TARGETED_DEVICE_FAMILY = "1,2";
			};
			name = Release;
		};
		3BC38F9D29C153CF00158D35 /* Debug */ = {
			isa = XCBuildConfiguration;
			baseConfigurationReference = 8C7D3AEBC76B6DAE1331963F /* Pods-simpleRuletteTests.debug.xcconfig */;
			buildSettings = {
				ALWAYS_EMBED_SWIFT_STANDARD_LIBRARIES = YES;
				BUNDLE_LOADER = "$(TEST_HOST)";
				CODE_SIGN_STYLE = Automatic;
				CURRENT_PROJECT_VERSION = 1;
				DEVELOPMENT_TEAM = 596D95CQ24;
				GENERATE_INFOPLIST_FILE = YES;
				IPHONEOS_DEPLOYMENT_TARGET = 16.2;
				MARKETING_VERSION = 1.0;
				PRODUCT_BUNDLE_IDENTIFIER = com.kazuki.simpleRuletteTests;
				PRODUCT_NAME = "$(TARGET_NAME)";
				SWIFT_EMIT_LOC_STRINGS = NO;
				SWIFT_VERSION = 5.0;
				TARGETED_DEVICE_FAMILY = "1,2";
				TEST_HOST = "$(BUILT_PRODUCTS_DIR)/simpleRulette.app/$(BUNDLE_EXECUTABLE_FOLDER_PATH)/simpleRulette";
			};
			name = Debug;
		};
		3BC38F9E29C153CF00158D35 /* Release */ = {
			isa = XCBuildConfiguration;
			baseConfigurationReference = 8BF4D4F9F15DD8ACB991913A /* Pods-simpleRuletteTests.release.xcconfig */;
			buildSettings = {
				ALWAYS_EMBED_SWIFT_STANDARD_LIBRARIES = YES;
				BUNDLE_LOADER = "$(TEST_HOST)";
				CODE_SIGN_STYLE = Automatic;
				CURRENT_PROJECT_VERSION = 1;
				DEVELOPMENT_TEAM = 596D95CQ24;
				GENERATE_INFOPLIST_FILE = YES;
				IPHONEOS_DEPLOYMENT_TARGET = 16.2;
				MARKETING_VERSION = 1.0;
				PRODUCT_BUNDLE_IDENTIFIER = com.kazuki.simpleRuletteTests;
				PRODUCT_NAME = "$(TARGET_NAME)";
				SWIFT_EMIT_LOC_STRINGS = NO;
				SWIFT_VERSION = 5.0;
				TARGETED_DEVICE_FAMILY = "1,2";
				TEST_HOST = "$(BUILT_PRODUCTS_DIR)/simpleRulette.app/$(BUNDLE_EXECUTABLE_FOLDER_PATH)/simpleRulette";
			};
			name = Release;
		};
		3BC38FA029C153CF00158D35 /* Debug */ = {
			isa = XCBuildConfiguration;
			baseConfigurationReference = E22C3D08B516374EFF94050E /* Pods-simpleRulette-simpleRuletteUITests.debug.xcconfig */;
			buildSettings = {
				ALWAYS_EMBED_SWIFT_STANDARD_LIBRARIES = YES;
				CODE_SIGN_STYLE = Automatic;
				CURRENT_PROJECT_VERSION = 1;
				DEVELOPMENT_TEAM = 596D95CQ24;
				GENERATE_INFOPLIST_FILE = YES;
				MARKETING_VERSION = 1.0;
				PRODUCT_BUNDLE_IDENTIFIER = com.kazuki.simpleRuletteUITests;
				PRODUCT_NAME = "$(TARGET_NAME)";
				SWIFT_EMIT_LOC_STRINGS = NO;
				SWIFT_VERSION = 5.0;
				TARGETED_DEVICE_FAMILY = "1,2";
				TEST_TARGET_NAME = simpleRulette;
			};
			name = Debug;
		};
		3BC38FA129C153CF00158D35 /* Release */ = {
			isa = XCBuildConfiguration;
			baseConfigurationReference = C549928CE86F442B8BA95A06 /* Pods-simpleRulette-simpleRuletteUITests.release.xcconfig */;
			buildSettings = {
				ALWAYS_EMBED_SWIFT_STANDARD_LIBRARIES = YES;
				CODE_SIGN_STYLE = Automatic;
				CURRENT_PROJECT_VERSION = 1;
				DEVELOPMENT_TEAM = 596D95CQ24;
				GENERATE_INFOPLIST_FILE = YES;
				MARKETING_VERSION = 1.0;
				PRODUCT_BUNDLE_IDENTIFIER = com.kazuki.simpleRuletteUITests;
				PRODUCT_NAME = "$(TARGET_NAME)";
				SWIFT_EMIT_LOC_STRINGS = NO;
				SWIFT_VERSION = 5.0;
				TARGETED_DEVICE_FAMILY = "1,2";
				TEST_TARGET_NAME = simpleRulette;
			};
			name = Release;
		};
/* End XCBuildConfiguration section */

/* Begin XCConfigurationList section */
		3BC38F6A29C153CC00158D35 /* Build configuration list for PBXProject "simpleRulette" */ = {
			isa = XCConfigurationList;
			buildConfigurations = (
				3BC38F9729C153CF00158D35 /* Debug */,
				3BC38F9829C153CF00158D35 /* Release */,
			);
			defaultConfigurationIsVisible = 0;
			defaultConfigurationName = Release;
		};
		3BC38F9929C153CF00158D35 /* Build configuration list for PBXNativeTarget "simpleRulette" */ = {
			isa = XCConfigurationList;
			buildConfigurations = (
				3BC38F9A29C153CF00158D35 /* Debug */,
				3BC38F9B29C153CF00158D35 /* Release */,
			);
			defaultConfigurationIsVisible = 0;
			defaultConfigurationName = Release;
		};
		3BC38F9C29C153CF00158D35 /* Build configuration list for PBXNativeTarget "simpleRuletteTests" */ = {
			isa = XCConfigurationList;
			buildConfigurations = (
				3BC38F9D29C153CF00158D35 /* Debug */,
				3BC38F9E29C153CF00158D35 /* Release */,
			);
			defaultConfigurationIsVisible = 0;
			defaultConfigurationName = Release;
		};
		3BC38F9F29C153CF00158D35 /* Build configuration list for PBXNativeTarget "simpleRuletteUITests" */ = {
			isa = XCConfigurationList;
			buildConfigurations = (
				3BC38FA029C153CF00158D35 /* Debug */,
				3BC38FA129C153CF00158D35 /* Release */,
			);
			defaultConfigurationIsVisible = 0;
			defaultConfigurationName = Release;
		};
/* End XCConfigurationList section */
	};
	rootObject = 3BC38F6729C153CC00158D35 /* Project object */;
}
